# THIS IS AN AUTOGENERATED FILE. DO NOT EDIT THIS FILE DIRECTLY.
# yarn lockfile v1


co-from-stream@0.0.0:
  version "0.0.0"
  resolved "https://registry.yarnpkg.com/co-from-stream/-/co-from-stream-0.0.0.tgz#1a5cd8ced77263946094fa39f2499a63297bcaf9"
  dependencies:
    co-read "0.0.1"

co-fs@^1.2.0:
  version "1.2.0"
  resolved "https://registry.yarnpkg.com/co-fs/-/co-fs-1.2.0.tgz#a6df045ce58c04eed45586ff4385032813aba64e"
  dependencies:
    co-from-stream "0.0.0"
    thunkify "0.0.1"

co-prompt@^1.0.0:
  version "1.0.0"
  resolved "https://registry.yarnpkg.com/co-prompt/-/co-prompt-1.0.0.tgz#fb370e9edac48576b27a732fe5d7f21d9fc6e6f6"
  dependencies:
    keypress "~0.2.1"

co-read@0.0.1:
  version "0.0.1"
  resolved "https://registry.yarnpkg.com/co-read/-/co-read-0.0.1.tgz#f81b3eb8a86675fec51e3d883a7f564e873c9389"

co@^4.6.0:
  version "4.6.0"
  resolved "https://registry.yarnpkg.com/co/-/co-4.6.0.tgz#6ea6bdf3d853ae54ccb8e47bfa0bf3f9031fb184"

commander@^2.9.0:
  version "2.9.0"
  resolved "https://registry.yarnpkg.com/commander/-/commander-2.9.0.tgz#9c99094176e12240cb22d6c5146098400fe0f7d4"
  dependencies:
    graceful-readlink ">= 1.0.0"

"graceful-readlink@>= 1.0.0":
  version "1.0.1"
  resolved "https://registry.yarnpkg.com/graceful-readlink/-/graceful-readlink-1.0.1.tgz#4cafad76bc62f02fa039b2f94e9a3dd3a391a725"

keypress@~0.2.1:
  version "0.2.1"
  resolved "https://registry.yarnpkg.com/keypress/-/keypress-0.2.1.tgz#1e80454250018dbad4c3fe94497d6e67b6269c77"

thunkify@0.0.1:
  version "0.0.1"
  resolved "https://registry.yarnpkg.com/thunkify/-/thunkify-0.0.1.tgz#bd5d36b1069b4078e5dcbac8fab45359bea6183d"
